
Microsoft Visual Studio Solution File, Format Version 12.00
# Visual Studio 15
VisualStudioVersion = 15.0.27428.2043
MinimumVisualStudioVersion = 10.0.40219.1
Project("{FAE04EC0-301F-11D3-BF4B-00C04F79EFBC}") = "IPA", "IPA\IPA.csproj", "{14092533-98BB-40A4-9AFC-27BB75672A70}"
	ProjectSection(ProjectDependencies) = postProject
		{5AD344F0-01A0-4CA8-92E5-9D095737744D} = {5AD344F0-01A0-4CA8-92E5-9D095737744D}
		{2A1AF16B-27F1-46E0-9A95-181516BC1CB7} = {2A1AF16B-27F1-46E0-9A95-181516BC1CB7}
	EndProjectSection
EndProject
Project("{FAE04EC0-301F-11D3-BF4B-00C04F79EFBC}") = "IPA.Tests", "IPA.Tests\IPA.Tests.csproj", "{C66092B0-5C1E-44E9-B524-E0E8E1425379}"
EndProject
Project("{FAE04EC0-301F-11D3-BF4B-00C04F79EFBC}") = "MSBuildTasks", "MSBuildTasks\MSBuildTasks.csproj", "{F08C3C7A-3221-432E-BAB8-32BCE58408C8}"
EndProject
Project("{FAE04EC0-301F-11D3-BF4B-00C04F79EFBC}") = "IPA.Loader", "IPA.Loader\IPA.Loader.csproj", "{5AD344F0-01A0-4CA8-92E5-9D095737744D}"
EndProject
Project("{FAE04EC0-301F-11D3-BF4B-00C04F79EFBC}") = "IPA.Injector", "IPA.Injector\IPA.Injector.csproj", "{2A1AF16B-27F1-46E0-9A95-181516BC1CB7}"
EndProject
Global
	GlobalSection(SolutionConfigurationPlatforms) = preSolution
		Debug|Any CPU = Debug|Any CPU
		Release|Any CPU = Release|Any CPU
	EndGlobalSection
	GlobalSection(ProjectConfigurationPlatforms) = postSolution
		{14092533-98BB-40A4-9AFC-27BB75672A70}.Debug|Any CPU.ActiveCfg = Debug|Any CPU
		{14092533-98BB-40A4-9AFC-27BB75672A70}.Debug|Any CPU.Build.0 = Debug|Any CPU
		{14092533-98BB-40A4-9AFC-27BB75672A70}.Release|Any CPU.ActiveCfg = Release|Any CPU
		{14092533-98BB-40A4-9AFC-27BB75672A70}.Release|Any CPU.Build.0 = Release|Any CPU
		{C66092B0-5C1E-44E9-B524-E0E8E1425379}.Debug|Any CPU.ActiveCfg = Debug|Any CPU
		{C66092B0-5C1E-44E9-B524-E0E8E1425379}.Debug|Any CPU.Build.0 = Debug|Any CPU
		{C66092B0-5C1E-44E9-B524-E0E8E1425379}.Release|Any CPU.ActiveCfg = Release|Any CPU
		{C66092B0-5C1E-44E9-B524-E0E8E1425379}.Release|Any CPU.Build.0 = Release|Any CPU
		{F08C3C7A-3221-432E-BAB8-32BCE58408C8}.Debug|Any CPU.ActiveCfg = Debug|Any CPU
		{F08C3C7A-3221-432E-BAB8-32BCE58408C8}.Debug|Any CPU.Build.0 = Debug|Any CPU
		{F08C3C7A-3221-432E-BAB8-32BCE58408C8}.Release|Any CPU.ActiveCfg = Release|Any CPU
		{F08C3C7A-3221-432E-BAB8-32BCE58408C8}.Release|Any CPU.Build.0 = Release|Any CPU
		{5AD344F0-01A0-4CA8-92E5-9D095737744D}.Debug|Any CPU.ActiveCfg = Debug|Any CPU
		{5AD344F0-01A0-4CA8-92E5-9D095737744D}.Debug|Any CPU.Build.0 = Debug|Any CPU
		{5AD344F0-01A0-4CA8-92E5-9D095737744D}.Release|Any CPU.ActiveCfg = Release|Any CPU
		{5AD344F0-01A0-4CA8-92E5-9D095737744D}.Release|Any CPU.Build.0 = Release|Any CPU
		{2A1AF16B-27F1-46E0-9A95-181516BC1CB7}.Debug|Any CPU.ActiveCfg = Debug|Any CPU
		{2A1AF16B-27F1-46E0-9A95-181516BC1CB7}.Debug|Any CPU.Build.0 = Debug|Any CPU
		{2A1AF16B-27F1-46E0-9A95-181516BC1CB7}.Release|Any CPU.ActiveCfg = Release|Any CPU
		{2A1AF16B-27F1-46E0-9A95-181516BC1CB7}.Release|Any CPU.Build.0 = Release|Any CPU
	EndGlobalSection
	GlobalSection(SolutionProperties) = preSolution
		HideSolutionNode = FALSE
	EndGlobalSection
	GlobalSection(ExtensibilityGlobals) = postSolution
		SolutionGuid = {C7380FAB-02D6-4A2A-B428-B4BFCFE3A054}
	EndGlobalSection
EndGlobal
