
Microsoft Visual Studio Solution File, Format Version 12.00
# Visual Studio Version 16
VisualStudioVersion = 16.0.29102.190
MinimumVisualStudioVersion = 10.0.40219.1
Project("{FAE04EC0-301F-11D3-BF4B-00C04F79EFBC}") = "IPA.Loader", "IPA.Loader\IPA.Loader.csproj", "{14AC8224-C7D7-43AF-9E8F-675A7DDBA56F}"
EndProject
Project("{8BC9CEB8-8B4A-11D0-8D11-00A0C91BC942}") = "proxy", "Doorstop\Proxy\Proxy.vcxproj", "{88609E16-731F-46C9-8139-6B1A7A83240D}"
EndProject
Project("{FAE04EC0-301F-11D3-BF4B-00C04F79EFBC}") = "Net3-Proxy", "Net3-Proxy\Net3-Proxy.csproj", "{642F52DA-90F9-40E3-8784-6964F36752FB}"
EndProject
Project("{FAE04EC0-301F-11D3-BF4B-00C04F79EFBC}") = "IPA.Injector", "IPA.Injector\IPA.Injector.csproj", "{D46F0C58-30EB-405F-8B9B-23406DB31AD3}"
EndProject
Project("{FAE04EC0-301F-11D3-BF4B-00C04F79EFBC}") = "IPA", "IPA\IPA.csproj", "{C338D430-5B1F-426C-AFB4-3720BC362C9B}"
EndProject
Project("{FAE04EC0-301F-11D3-BF4B-00C04F79EFBC}") = "BSIPA-Meta", "BSIPA-Meta\BSIPA-Meta.csproj", "{880A3560-82CD-4836-996B-11BEFE6B44DB}"
EndProject
Project("{2150E333-8FDC-42A3-9474-1A3956D46DE8}") = "Tools", "Tools", "{9E77CD10-4ADE-4C52-B560-71C0B0243434}"
EndProject
Project("{FAE04EC0-301F-11D3-BF4B-00C04F79EFBC}") = "CollectDependencies", "BuildTools\CollectDependencies\CollectDependencies.csproj", "{5F33B310-DC8D-4C0D-877E-BAC3908DE10F}"
EndProject
Project("{2150E333-8FDC-42A3-9474-1A3956D46DE8}") = "Solution Items", "Solution Items", "{62B8F454-7EAD-4863-B98F-476F13FEFC54}"
	ProjectSection(SolutionItems) = preProject
		appveyor.yml = appveyor.yml
		.github\workflows\docs.yml = .github\workflows\docs.yml
		README.md = README.md
		.github\workflows\tag_docs.yml = .github\workflows\tag_docs.yml
	EndProjectSection
EndProject
Global
	GlobalSection(SolutionConfigurationPlatforms) = preSolution
		Debug|Any CPU = Debug|Any CPU
		Debug|x64 = Debug|x64
		Debug|x86 = Debug|x86
		Net3-Debug|Any CPU = Net3-Debug|Any CPU
		Net3-Debug|x64 = Net3-Debug|x64
		Net3-Debug|x86 = Net3-Debug|x86
		Net3-Release|Any CPU = Net3-Release|Any CPU
		Net3-Release|x64 = Net3-Release|x64
		Net3-Release|x86 = Net3-Release|x86
		Net4-Debug|Any CPU = Net4-Debug|Any CPU
		Net4-Debug|x64 = Net4-Debug|x64
		Net4-Debug|x86 = Net4-Debug|x86
		Net4-Release|Any CPU = Net4-Release|Any CPU
		Net4-Release|x64 = Net4-Release|x64
		Net4-Release|x86 = Net4-Release|x86
		Release|Any CPU = Release|Any CPU
		Release|x64 = Release|x64
		Release|x86 = Release|x86
		Verbose_Release|Any CPU = Verbose_Release|Any CPU
		Verbose_Release|x64 = Verbose_Release|x64
		Verbose_Release|x86 = Verbose_Release|x86
		Verbose|Any CPU = Verbose|Any CPU
		Verbose|x64 = Verbose|x64
		Verbose|x86 = Verbose|x86
	EndGlobalSection
	GlobalSection(ProjectConfigurationPlatforms) = postSolution
		{14AC8224-C7D7-43AF-9E8F-675A7DDBA56F}.Debug|Any CPU.ActiveCfg = Net3-Debug|Any CPU
		{14AC8224-C7D7-43AF-9E8F-675A7DDBA56F}.Debug|x64.ActiveCfg = Net3-Debug|Any CPU
		{14AC8224-C7D7-43AF-9E8F-675A7DDBA56F}.Debug|x86.ActiveCfg = Net3-Debug|Any CPU
		{14AC8224-C7D7-43AF-9E8F-675A7DDBA56F}.Net3-Debug|Any CPU.ActiveCfg = Net3-Debug|Any CPU
		{14AC8224-C7D7-43AF-9E8F-675A7DDBA56F}.Net3-Debug|Any CPU.Build.0 = Net3-Debug|Any CPU
		{14AC8224-C7D7-43AF-9E8F-675A7DDBA56F}.Net3-Debug|x64.ActiveCfg = Net3-Debug|Any CPU
		{14AC8224-C7D7-43AF-9E8F-675A7DDBA56F}.Net3-Debug|x64.Build.0 = Net3-Debug|Any CPU
		{14AC8224-C7D7-43AF-9E8F-675A7DDBA56F}.Net3-Debug|x86.ActiveCfg = Net3-Debug|Any CPU
		{14AC8224-C7D7-43AF-9E8F-675A7DDBA56F}.Net3-Debug|x86.Build.0 = Net3-Debug|Any CPU
		{14AC8224-C7D7-43AF-9E8F-675A7DDBA56F}.Net3-Release|Any CPU.ActiveCfg = Net3-Release|Any CPU
		{14AC8224-C7D7-43AF-9E8F-675A7DDBA56F}.Net3-Release|Any CPU.Build.0 = Net3-Release|Any CPU
		{14AC8224-C7D7-43AF-9E8F-675A7DDBA56F}.Net3-Release|x64.ActiveCfg = Net3-Release|Any CPU
		{14AC8224-C7D7-43AF-9E8F-675A7DDBA56F}.Net3-Release|x64.Build.0 = Net3-Release|Any CPU
		{14AC8224-C7D7-43AF-9E8F-675A7DDBA56F}.Net3-Release|x86.ActiveCfg = Net3-Release|Any CPU
		{14AC8224-C7D7-43AF-9E8F-675A7DDBA56F}.Net3-Release|x86.Build.0 = Net3-Release|Any CPU
		{14AC8224-C7D7-43AF-9E8F-675A7DDBA56F}.Net4-Debug|Any CPU.ActiveCfg = Net4-Debug|Any CPU
		{14AC8224-C7D7-43AF-9E8F-675A7DDBA56F}.Net4-Debug|Any CPU.Build.0 = Net4-Debug|Any CPU
		{14AC8224-C7D7-43AF-9E8F-675A7DDBA56F}.Net4-Debug|x64.ActiveCfg = Net4-Debug|Any CPU
		{14AC8224-C7D7-43AF-9E8F-675A7DDBA56F}.Net4-Debug|x64.Build.0 = Net4-Debug|Any CPU
		{14AC8224-C7D7-43AF-9E8F-675A7DDBA56F}.Net4-Debug|x86.ActiveCfg = Net4-Debug|Any CPU
		{14AC8224-C7D7-43AF-9E8F-675A7DDBA56F}.Net4-Debug|x86.Build.0 = Net4-Debug|Any CPU
		{14AC8224-C7D7-43AF-9E8F-675A7DDBA56F}.Net4-Release|Any CPU.ActiveCfg = Net4-Release|Any CPU
		{14AC8224-C7D7-43AF-9E8F-675A7DDBA56F}.Net4-Release|Any CPU.Build.0 = Net4-Release|Any CPU
		{14AC8224-C7D7-43AF-9E8F-675A7DDBA56F}.Net4-Release|x64.ActiveCfg = Net4-Release|Any CPU
		{14AC8224-C7D7-43AF-9E8F-675A7DDBA56F}.Net4-Release|x64.Build.0 = Net4-Release|Any CPU
		{14AC8224-C7D7-43AF-9E8F-675A7DDBA56F}.Net4-Release|x86.ActiveCfg = Net4-Release|Any CPU
		{14AC8224-C7D7-43AF-9E8F-675A7DDBA56F}.Net4-Release|x86.Build.0 = Net4-Release|Any CPU
		{14AC8224-C7D7-43AF-9E8F-675A7DDBA56F}.Release|Any CPU.ActiveCfg = Net3-Release|Any CPU
		{14AC8224-C7D7-43AF-9E8F-675A7DDBA56F}.Release|x64.ActiveCfg = Net3-Release|Any CPU
		{14AC8224-C7D7-43AF-9E8F-675A7DDBA56F}.Release|x86.ActiveCfg = Net3-Release|Any CPU
		{14AC8224-C7D7-43AF-9E8F-675A7DDBA56F}.Verbose_Release|Any CPU.ActiveCfg = Net3-Release|Any CPU
		{14AC8224-C7D7-43AF-9E8F-675A7DDBA56F}.Verbose_Release|x64.ActiveCfg = Net3-Release|Any CPU
		{14AC8224-C7D7-43AF-9E8F-675A7DDBA56F}.Verbose_Release|x86.ActiveCfg = Net3-Release|Any CPU
		{14AC8224-C7D7-43AF-9E8F-675A7DDBA56F}.Verbose|Any CPU.ActiveCfg = Net3-Release|Any CPU
		{14AC8224-C7D7-43AF-9E8F-675A7DDBA56F}.Verbose|x64.ActiveCfg = Net3-Release|Any CPU
		{14AC8224-C7D7-43AF-9E8F-675A7DDBA56F}.Verbose|x86.ActiveCfg = Net3-Release|Any CPU
		{88609E16-731F-46C9-8139-6B1A7A83240D}.Debug|Any CPU.ActiveCfg = Release|x64
		{88609E16-731F-46C9-8139-6B1A7A83240D}.Debug|x64.ActiveCfg = Release|x64
		{88609E16-731F-46C9-8139-6B1A7A83240D}.Debug|x86.ActiveCfg = Release|Win32
		{88609E16-731F-46C9-8139-6B1A7A83240D}.Net3-Debug|Any CPU.ActiveCfg = Release|x64
		{88609E16-731F-46C9-8139-6B1A7A83240D}.Net3-Debug|Any CPU.Build.0 = Release|x64
		{88609E16-731F-46C9-8139-6B1A7A83240D}.Net3-Debug|x64.ActiveCfg = Release|x64
		{88609E16-731F-46C9-8139-6B1A7A83240D}.Net3-Debug|x64.Build.0 = Release|x64
		{88609E16-731F-46C9-8139-6B1A7A83240D}.Net3-Debug|x86.ActiveCfg = Release|Win32
		{88609E16-731F-46C9-8139-6B1A7A83240D}.Net3-Debug|x86.Build.0 = Release|Win32
		{88609E16-731F-46C9-8139-6B1A7A83240D}.Net3-Release|Any CPU.ActiveCfg = Release|x64
		{88609E16-731F-46C9-8139-6B1A7A83240D}.Net3-Release|Any CPU.Build.0 = Release|x64
		{88609E16-731F-46C9-8139-6B1A7A83240D}.Net3-Release|x64.ActiveCfg = Release|x64
		{88609E16-731F-46C9-8139-6B1A7A83240D}.Net3-Release|x64.Build.0 = Release|x64
		{88609E16-731F-46C9-8139-6B1A7A83240D}.Net3-Release|x86.ActiveCfg = Release|Win32
		{88609E16-731F-46C9-8139-6B1A7A83240D}.Net3-Release|x86.Build.0 = Release|Win32
		{88609E16-731F-46C9-8139-6B1A7A83240D}.Net4-Debug|Any CPU.ActiveCfg = Release|x64
		{88609E16-731F-46C9-8139-6B1A7A83240D}.Net4-Debug|x64.ActiveCfg = Release|x64
		{88609E16-731F-46C9-8139-6B1A7A83240D}.Net4-Debug|x86.ActiveCfg = Release|Win32
		{88609E16-731F-46C9-8139-6B1A7A83240D}.Net4-Release|Any CPU.ActiveCfg = Release|x64
		{88609E16-731F-46C9-8139-6B1A7A83240D}.Net4-Release|x64.ActiveCfg = Release|x64
		{88609E16-731F-46C9-8139-6B1A7A83240D}.Net4-Release|x86.ActiveCfg = Release|Win32
		{88609E16-731F-46C9-8139-6B1A7A83240D}.Release|Any CPU.ActiveCfg = Release|Win32
		{88609E16-731F-46C9-8139-6B1A7A83240D}.Release|x64.ActiveCfg = Release|x64
		{88609E16-731F-46C9-8139-6B1A7A83240D}.Release|x64.Build.0 = Release|x64
		{88609E16-731F-46C9-8139-6B1A7A83240D}.Release|x86.ActiveCfg = Release|Win32
		{88609E16-731F-46C9-8139-6B1A7A83240D}.Verbose_Release|Any CPU.ActiveCfg = Verbose_Release|Win32
		{88609E16-731F-46C9-8139-6B1A7A83240D}.Verbose_Release|x64.ActiveCfg = Verbose_Release|x64
		{88609E16-731F-46C9-8139-6B1A7A83240D}.Verbose_Release|x64.Build.0 = Verbose_Release|x64
		{88609E16-731F-46C9-8139-6B1A7A83240D}.Verbose_Release|x86.ActiveCfg = Verbose_Release|Win32
		{88609E16-731F-46C9-8139-6B1A7A83240D}.Verbose_Release|x86.Build.0 = Verbose_Release|Win32
		{88609E16-731F-46C9-8139-6B1A7A83240D}.Verbose|Any CPU.ActiveCfg = Release|x64
		{88609E16-731F-46C9-8139-6B1A7A83240D}.Verbose|Any CPU.Build.0 = Release|x64
		{88609E16-731F-46C9-8139-6B1A7A83240D}.Verbose|x64.ActiveCfg = Verbose_Release|x64
		{88609E16-731F-46C9-8139-6B1A7A83240D}.Verbose|x64.Build.0 = Verbose_Release|x64
		{88609E16-731F-46C9-8139-6B1A7A83240D}.Verbose|x86.ActiveCfg = Verbose_Release|Win32
		{88609E16-731F-46C9-8139-6B1A7A83240D}.Verbose|x86.Build.0 = Verbose_Release|Win32
		{642F52DA-90F9-40E3-8784-6964F36752FB}.Debug|Any CPU.ActiveCfg = Debug|Any CPU
		{642F52DA-90F9-40E3-8784-6964F36752FB}.Debug|x64.ActiveCfg = Debug|Any CPU
		{642F52DA-90F9-40E3-8784-6964F36752FB}.Debug|x86.ActiveCfg = Debug|Any CPU
		{642F52DA-90F9-40E3-8784-6964F36752FB}.Net3-Debug|Any CPU.ActiveCfg = Debug|Any CPU
		{642F52DA-90F9-40E3-8784-6964F36752FB}.Net3-Debug|Any CPU.Build.0 = Debug|Any CPU
		{642F52DA-90F9-40E3-8784-6964F36752FB}.Net3-Debug|x64.ActiveCfg = Debug|Any CPU
		{642F52DA-90F9-40E3-8784-6964F36752FB}.Net3-Debug|x64.Build.0 = Debug|Any CPU
		{642F52DA-90F9-40E3-8784-6964F36752FB}.Net3-Debug|x86.ActiveCfg = Debug|Any CPU
		{642F52DA-90F9-40E3-8784-6964F36752FB}.Net3-Debug|x86.Build.0 = Debug|Any CPU
		{642F52DA-90F9-40E3-8784-6964F36752FB}.Net3-Release|Any CPU.ActiveCfg = Release|Any CPU
		{642F52DA-90F9-40E3-8784-6964F36752FB}.Net3-Release|Any CPU.Build.0 = Release|Any CPU
		{642F52DA-90F9-40E3-8784-6964F36752FB}.Net3-Release|x64.ActiveCfg = Release|Any CPU
		{642F52DA-90F9-40E3-8784-6964F36752FB}.Net3-Release|x64.Build.0 = Release|Any CPU
		{642F52DA-90F9-40E3-8784-6964F36752FB}.Net3-Release|x86.ActiveCfg = Release|Any CPU
		{642F52DA-90F9-40E3-8784-6964F36752FB}.Net3-Release|x86.Build.0 = Release|Any CPU
		{642F52DA-90F9-40E3-8784-6964F36752FB}.Net4-Debug|Any CPU.ActiveCfg = Debug|Any CPU
		{642F52DA-90F9-40E3-8784-6964F36752FB}.Net4-Debug|x64.ActiveCfg = Debug|Any CPU
		{642F52DA-90F9-40E3-8784-6964F36752FB}.Net4-Debug|x86.ActiveCfg = Debug|Any CPU
		{642F52DA-90F9-40E3-8784-6964F36752FB}.Net4-Release|Any CPU.ActiveCfg = Release|Any CPU
		{642F52DA-90F9-40E3-8784-6964F36752FB}.Net4-Release|x64.ActiveCfg = Release|Any CPU
		{642F52DA-90F9-40E3-8784-6964F36752FB}.Net4-Release|x86.ActiveCfg = Release|Any CPU
		{642F52DA-90F9-40E3-8784-6964F36752FB}.Release|Any CPU.ActiveCfg = Release|Any CPU
		{642F52DA-90F9-40E3-8784-6964F36752FB}.Release|Any CPU.Build.0 = Release|Any CPU
		{642F52DA-90F9-40E3-8784-6964F36752FB}.Release|x64.ActiveCfg = Release|Any CPU
		{642F52DA-90F9-40E3-8784-6964F36752FB}.Release|x64.Build.0 = Release|Any CPU
		{642F52DA-90F9-40E3-8784-6964F36752FB}.Release|x86.ActiveCfg = Release|Any CPU
		{642F52DA-90F9-40E3-8784-6964F36752FB}.Verbose_Release|Any CPU.ActiveCfg = Release|Any CPU
		{642F52DA-90F9-40E3-8784-6964F36752FB}.Verbose_Release|Any CPU.Build.0 = Release|Any CPU
		{642F52DA-90F9-40E3-8784-6964F36752FB}.Verbose_Release|x64.ActiveCfg = Release|Any CPU
		{642F52DA-90F9-40E3-8784-6964F36752FB}.Verbose_Release|x64.Build.0 = Release|Any CPU
		{642F52DA-90F9-40E3-8784-6964F36752FB}.Verbose_Release|x86.ActiveCfg = Release|Any CPU
		{642F52DA-90F9-40E3-8784-6964F36752FB}.Verbose_Release|x86.Build.0 = Release|Any CPU
		{642F52DA-90F9-40E3-8784-6964F36752FB}.Verbose|Any CPU.ActiveCfg = Release|Any CPU
		{642F52DA-90F9-40E3-8784-6964F36752FB}.Verbose|x64.ActiveCfg = Release|Any CPU
		{642F52DA-90F9-40E3-8784-6964F36752FB}.Verbose|x86.ActiveCfg = Release|Any CPU
		{D46F0C58-30EB-405F-8B9B-23406DB31AD3}.Debug|Any CPU.ActiveCfg = Net3-Debug|Any CPU
		{D46F0C58-30EB-405F-8B9B-23406DB31AD3}.Debug|x64.ActiveCfg = Net3-Debug|Any CPU
		{D46F0C58-30EB-405F-8B9B-23406DB31AD3}.Debug|x86.ActiveCfg = Net3-Debug|Any CPU
		{D46F0C58-30EB-405F-8B9B-23406DB31AD3}.Net3-Debug|Any CPU.ActiveCfg = Net3-Debug|Any CPU
		{D46F0C58-30EB-405F-8B9B-23406DB31AD3}.Net3-Debug|Any CPU.Build.0 = Net3-Debug|Any CPU
		{D46F0C58-30EB-405F-8B9B-23406DB31AD3}.Net3-Debug|x64.ActiveCfg = Net3-Debug|Any CPU
		{D46F0C58-30EB-405F-8B9B-23406DB31AD3}.Net3-Debug|x64.Build.0 = Net3-Debug|Any CPU
		{D46F0C58-30EB-405F-8B9B-23406DB31AD3}.Net3-Debug|x86.ActiveCfg = Net3-Debug|Any CPU
		{D46F0C58-30EB-405F-8B9B-23406DB31AD3}.Net3-Debug|x86.Build.0 = Net3-Debug|Any CPU
		{D46F0C58-30EB-405F-8B9B-23406DB31AD3}.Net3-Release|Any CPU.ActiveCfg = Net3-Release|Any CPU
		{D46F0C58-30EB-405F-8B9B-23406DB31AD3}.Net3-Release|Any CPU.Build.0 = Net3-Release|Any CPU
		{D46F0C58-30EB-405F-8B9B-23406DB31AD3}.Net3-Release|x64.ActiveCfg = Net3-Release|Any CPU
		{D46F0C58-30EB-405F-8B9B-23406DB31AD3}.Net3-Release|x64.Build.0 = Net3-Release|Any CPU
		{D46F0C58-30EB-405F-8B9B-23406DB31AD3}.Net3-Release|x86.ActiveCfg = Net3-Release|Any CPU
		{D46F0C58-30EB-405F-8B9B-23406DB31AD3}.Net3-Release|x86.Build.0 = Net3-Release|Any CPU
		{D46F0C58-30EB-405F-8B9B-23406DB31AD3}.Net4-Debug|Any CPU.ActiveCfg = Net4-Debug|Any CPU
		{D46F0C58-30EB-405F-8B9B-23406DB31AD3}.Net4-Debug|Any CPU.Build.0 = Net4-Debug|Any CPU
		{D46F0C58-30EB-405F-8B9B-23406DB31AD3}.Net4-Debug|x64.ActiveCfg = Net4-Debug|Any CPU
		{D46F0C58-30EB-405F-8B9B-23406DB31AD3}.Net4-Debug|x64.Build.0 = Net4-Debug|Any CPU
		{D46F0C58-30EB-405F-8B9B-23406DB31AD3}.Net4-Debug|x86.ActiveCfg = Net4-Debug|Any CPU
		{D46F0C58-30EB-405F-8B9B-23406DB31AD3}.Net4-Debug|x86.Build.0 = Net4-Debug|Any CPU
		{D46F0C58-30EB-405F-8B9B-23406DB31AD3}.Net4-Release|Any CPU.ActiveCfg = Net4-Release|Any CPU
		{D46F0C58-30EB-405F-8B9B-23406DB31AD3}.Net4-Release|Any CPU.Build.0 = Net4-Release|Any CPU
		{D46F0C58-30EB-405F-8B9B-23406DB31AD3}.Net4-Release|x64.ActiveCfg = Net4-Release|Any CPU
		{D46F0C58-30EB-405F-8B9B-23406DB31AD3}.Net4-Release|x64.Build.0 = Net4-Release|Any CPU
		{D46F0C58-30EB-405F-8B9B-23406DB31AD3}.Net4-Release|x86.ActiveCfg = Net4-Release|Any CPU
		{D46F0C58-30EB-405F-8B9B-23406DB31AD3}.Net4-Release|x86.Build.0 = Net4-Release|Any CPU
		{D46F0C58-30EB-405F-8B9B-23406DB31AD3}.Release|Any CPU.ActiveCfg = Net3-Release|Any CPU
		{D46F0C58-30EB-405F-8B9B-23406DB31AD3}.Release|Any CPU.Build.0 = Net3-Release|Any CPU
		{D46F0C58-30EB-405F-8B9B-23406DB31AD3}.Release|x64.ActiveCfg = Net3-Release|Any CPU
		{D46F0C58-30EB-405F-8B9B-23406DB31AD3}.Release|x64.Build.0 = Net3-Release|Any CPU
		{D46F0C58-30EB-405F-8B9B-23406DB31AD3}.Release|x86.ActiveCfg = Net3-Release|Any CPU
		{D46F0C58-30EB-405F-8B9B-23406DB31AD3}.Verbose_Release|Any CPU.ActiveCfg = Net3-Release|Any CPU
		{D46F0C58-30EB-405F-8B9B-23406DB31AD3}.Verbose_Release|Any CPU.Build.0 = Net3-Release|Any CPU
		{D46F0C58-30EB-405F-8B9B-23406DB31AD3}.Verbose_Release|x64.ActiveCfg = Net3-Release|Any CPU
		{D46F0C58-30EB-405F-8B9B-23406DB31AD3}.Verbose_Release|x64.Build.0 = Net3-Release|Any CPU
		{D46F0C58-30EB-405F-8B9B-23406DB31AD3}.Verbose_Release|x86.ActiveCfg = Net3-Release|Any CPU
		{D46F0C58-30EB-405F-8B9B-23406DB31AD3}.Verbose_Release|x86.Build.0 = Net3-Release|Any CPU
		{D46F0C58-30EB-405F-8B9B-23406DB31AD3}.Verbose|Any CPU.ActiveCfg = Net3-Release|Any CPU
		{D46F0C58-30EB-405F-8B9B-23406DB31AD3}.Verbose|x64.ActiveCfg = Net3-Release|Any CPU
		{D46F0C58-30EB-405F-8B9B-23406DB31AD3}.Verbose|x86.ActiveCfg = Net3-Release|Any CPU
		{C338D430-5B1F-426C-AFB4-3720BC362C9B}.Debug|Any CPU.ActiveCfg = Debug|Any CPU
		{C338D430-5B1F-426C-AFB4-3720BC362C9B}.Debug|x64.ActiveCfg = Debug|Any CPU
		{C338D430-5B1F-426C-AFB4-3720BC362C9B}.Debug|x86.ActiveCfg = Debug|Any CPU
		{C338D430-5B1F-426C-AFB4-3720BC362C9B}.Net3-Debug|Any CPU.ActiveCfg = Debug|Any CPU
		{C338D430-5B1F-426C-AFB4-3720BC362C9B}.Net3-Debug|Any CPU.Build.0 = Debug|Any CPU
		{C338D430-5B1F-426C-AFB4-3720BC362C9B}.Net3-Debug|x64.ActiveCfg = Debug|Any CPU
		{C338D430-5B1F-426C-AFB4-3720BC362C9B}.Net3-Debug|x64.Build.0 = Debug|Any CPU
		{C338D430-5B1F-426C-AFB4-3720BC362C9B}.Net3-Debug|x86.ActiveCfg = Debug|Any CPU
		{C338D430-5B1F-426C-AFB4-3720BC362C9B}.Net3-Debug|x86.Build.0 = Debug|Any CPU
		{C338D430-5B1F-426C-AFB4-3720BC362C9B}.Net3-Release|Any CPU.ActiveCfg = Release|Any CPU
		{C338D430-5B1F-426C-AFB4-3720BC362C9B}.Net3-Release|Any CPU.Build.0 = Release|Any CPU
		{C338D430-5B1F-426C-AFB4-3720BC362C9B}.Net3-Release|x64.ActiveCfg = Release|Any CPU
		{C338D430-5B1F-426C-AFB4-3720BC362C9B}.Net3-Release|x64.Build.0 = Release|Any CPU
		{C338D430-5B1F-426C-AFB4-3720BC362C9B}.Net3-Release|x86.ActiveCfg = Release|Any CPU
		{C338D430-5B1F-426C-AFB4-3720BC362C9B}.Net3-Release|x86.Build.0 = Release|Any CPU
		{C338D430-5B1F-426C-AFB4-3720BC362C9B}.Net4-Debug|Any CPU.ActiveCfg = Debug|Any CPU
		{C338D430-5B1F-426C-AFB4-3720BC362C9B}.Net4-Debug|Any CPU.Build.0 = Debug|Any CPU
		{C338D430-5B1F-426C-AFB4-3720BC362C9B}.Net4-Debug|x64.ActiveCfg = Debug|Any CPU
		{C338D430-5B1F-426C-AFB4-3720BC362C9B}.Net4-Debug|x64.Build.0 = Debug|Any CPU
		{C338D430-5B1F-426C-AFB4-3720BC362C9B}.Net4-Debug|x86.ActiveCfg = Debug|Any CPU
		{C338D430-5B1F-426C-AFB4-3720BC362C9B}.Net4-Debug|x86.Build.0 = Debug|Any CPU
		{C338D430-5B1F-426C-AFB4-3720BC362C9B}.Net4-Release|Any CPU.ActiveCfg = Release|Any CPU
		{C338D430-5B1F-426C-AFB4-3720BC362C9B}.Net4-Release|Any CPU.Build.0 = Release|Any CPU
		{C338D430-5B1F-426C-AFB4-3720BC362C9B}.Net4-Release|x64.ActiveCfg = Release|Any CPU
		{C338D430-5B1F-426C-AFB4-3720BC362C9B}.Net4-Release|x64.Build.0 = Release|Any CPU
		{C338D430-5B1F-426C-AFB4-3720BC362C9B}.Net4-Release|x86.ActiveCfg = Release|Any CPU
		{C338D430-5B1F-426C-AFB4-3720BC362C9B}.Net4-Release|x86.Build.0 = Release|Any CPU
		{C338D430-5B1F-426C-AFB4-3720BC362C9B}.Release|Any CPU.ActiveCfg = Release|Any CPU
		{C338D430-5B1F-426C-AFB4-3720BC362C9B}.Release|Any CPU.Build.0 = Release|Any CPU
		{C338D430-5B1F-426C-AFB4-3720BC362C9B}.Release|x64.ActiveCfg = Release|Any CPU
		{C338D430-5B1F-426C-AFB4-3720BC362C9B}.Release|x64.Build.0 = Release|Any CPU
		{C338D430-5B1F-426C-AFB4-3720BC362C9B}.Release|x86.ActiveCfg = Release|Any CPU
		{C338D430-5B1F-426C-AFB4-3720BC362C9B}.Verbose_Release|Any CPU.ActiveCfg = Release|Any CPU
		{C338D430-5B1F-426C-AFB4-3720BC362C9B}.Verbose_Release|Any CPU.Build.0 = Release|Any CPU
		{C338D430-5B1F-426C-AFB4-3720BC362C9B}.Verbose_Release|x64.ActiveCfg = Release|Any CPU
		{C338D430-5B1F-426C-AFB4-3720BC362C9B}.Verbose_Release|x64.Build.0 = Release|Any CPU
		{C338D430-5B1F-426C-AFB4-3720BC362C9B}.Verbose_Release|x86.ActiveCfg = Release|Any CPU
		{C338D430-5B1F-426C-AFB4-3720BC362C9B}.Verbose_Release|x86.Build.0 = Release|Any CPU
		{C338D430-5B1F-426C-AFB4-3720BC362C9B}.Verbose|Any CPU.ActiveCfg = Verbose|Any CPU
		{C338D430-5B1F-426C-AFB4-3720BC362C9B}.Verbose|Any CPU.Build.0 = Verbose|Any CPU
		{C338D430-5B1F-426C-AFB4-3720BC362C9B}.Verbose|x64.ActiveCfg = Verbose|Any CPU
		{C338D430-5B1F-426C-AFB4-3720BC362C9B}.Verbose|x64.Build.0 = Verbose|Any CPU
		{C338D430-5B1F-426C-AFB4-3720BC362C9B}.Verbose|x86.ActiveCfg = Verbose|Any CPU
		{C338D430-5B1F-426C-AFB4-3720BC362C9B}.Verbose|x86.Build.0 = Verbose|Any CPU
		{880A3560-82CD-4836-996B-11BEFE6B44DB}.Debug|Any CPU.ActiveCfg = Verbose_Release|x64
		{880A3560-82CD-4836-996B-11BEFE6B44DB}.Debug|x64.ActiveCfg = Net3-Debug|x64
		{880A3560-82CD-4836-996B-11BEFE6B44DB}.Debug|x86.ActiveCfg = Net3-Debug|x86
		{880A3560-82CD-4836-996B-11BEFE6B44DB}.Net3-Debug|Any CPU.ActiveCfg = Net3-Debug|x86
		{880A3560-82CD-4836-996B-11BEFE6B44DB}.Net3-Debug|x64.ActiveCfg = Net3-Debug|x64
		{880A3560-82CD-4836-996B-11BEFE6B44DB}.Net3-Debug|x86.ActiveCfg = Net3-Debug|x86
		{880A3560-82CD-4836-996B-11BEFE6B44DB}.Net3-Release|Any CPU.ActiveCfg = Net3-Release|x64
		{880A3560-82CD-4836-996B-11BEFE6B44DB}.Net3-Release|x64.ActiveCfg = Net3-Release|x64
		{880A3560-82CD-4836-996B-11BEFE6B44DB}.Net3-Release|x86.ActiveCfg = Net3-Release|x86
		{880A3560-82CD-4836-996B-11BEFE6B44DB}.Net4-Debug|Any CPU.ActiveCfg = Net4-Debug|x86
		{880A3560-82CD-4836-996B-11BEFE6B44DB}.Net4-Debug|x64.ActiveCfg = Net4-Debug|x64
		{880A3560-82CD-4836-996B-11BEFE6B44DB}.Net4-Debug|x86.ActiveCfg = Net4-Debug|x86
		{880A3560-82CD-4836-996B-11BEFE6B44DB}.Net4-Release|Any CPU.ActiveCfg = Net4-Release|x64
		{880A3560-82CD-4836-996B-11BEFE6B44DB}.Net4-Release|x64.ActiveCfg = Net4-Release|x64
		{880A3560-82CD-4836-996B-11BEFE6B44DB}.Net4-Release|x86.ActiveCfg = Net4-Release|x86
		{880A3560-82CD-4836-996B-11BEFE6B44DB}.Release|Any CPU.ActiveCfg = Verbose_Release|x64
		{880A3560-82CD-4836-996B-11BEFE6B44DB}.Release|Any CPU.Build.0 = Verbose_Release|x64
		{880A3560-82CD-4836-996B-11BEFE6B44DB}.Release|x64.ActiveCfg = Verbose_Release|x64
		{880A3560-82CD-4836-996B-11BEFE6B44DB}.Release|x64.Build.0 = Verbose_Release|x64
		{880A3560-82CD-4836-996B-11BEFE6B44DB}.Release|x86.ActiveCfg = Verbose_Release|x86
		{880A3560-82CD-4836-996B-11BEFE6B44DB}.Verbose_Release|Any CPU.ActiveCfg = Verbose_Release|x86
		{880A3560-82CD-4836-996B-11BEFE6B44DB}.Verbose_Release|x64.ActiveCfg = Verbose_Release|x64
		{880A3560-82CD-4836-996B-11BEFE6B44DB}.Verbose_Release|x64.Build.0 = Verbose_Release|x64
		{880A3560-82CD-4836-996B-11BEFE6B44DB}.Verbose_Release|x86.ActiveCfg = Verbose_Release|x86
		{880A3560-82CD-4836-996B-11BEFE6B44DB}.Verbose_Release|x86.Build.0 = Verbose_Release|x86
		{880A3560-82CD-4836-996B-11BEFE6B44DB}.Verbose|Any CPU.ActiveCfg = Verbose|x86
		{880A3560-82CD-4836-996B-11BEFE6B44DB}.Verbose|x64.ActiveCfg = Verbose|x64
		{880A3560-82CD-4836-996B-11BEFE6B44DB}.Verbose|x64.Build.0 = Verbose|x64
		{880A3560-82CD-4836-996B-11BEFE6B44DB}.Verbose|x86.ActiveCfg = Verbose|x86
		{880A3560-82CD-4836-996B-11BEFE6B44DB}.Verbose|x86.Build.0 = Verbose|x86
		{5F33B310-DC8D-4C0D-877E-BAC3908DE10F}.Debug|Any CPU.ActiveCfg = Debug|Any CPU
		{5F33B310-DC8D-4C0D-877E-BAC3908DE10F}.Debug|x64.ActiveCfg = Debug|Any CPU
		{5F33B310-DC8D-4C0D-877E-BAC3908DE10F}.Debug|x86.ActiveCfg = Debug|Any CPU
		{5F33B310-DC8D-4C0D-877E-BAC3908DE10F}.Net3-Debug|Any CPU.ActiveCfg = Debug|Any CPU
		{5F33B310-DC8D-4C0D-877E-BAC3908DE10F}.Net3-Debug|x64.ActiveCfg = Debug|Any CPU
		{5F33B310-DC8D-4C0D-877E-BAC3908DE10F}.Net3-Debug|x86.ActiveCfg = Debug|Any CPU
		{5F33B310-DC8D-4C0D-877E-BAC3908DE10F}.Net3-Release|Any CPU.ActiveCfg = Release|Any CPU
		{5F33B310-DC8D-4C0D-877E-BAC3908DE10F}.Net3-Release|x64.ActiveCfg = Release|Any CPU
		{5F33B310-DC8D-4C0D-877E-BAC3908DE10F}.Net3-Release|x86.ActiveCfg = Release|Any CPU
		{5F33B310-DC8D-4C0D-877E-BAC3908DE10F}.Net4-Debug|Any CPU.ActiveCfg = Debug|Any CPU
		{5F33B310-DC8D-4C0D-877E-BAC3908DE10F}.Net4-Debug|x64.ActiveCfg = Debug|Any CPU
		{5F33B310-DC8D-4C0D-877E-BAC3908DE10F}.Net4-Debug|x86.ActiveCfg = Debug|Any CPU
		{5F33B310-DC8D-4C0D-877E-BAC3908DE10F}.Net4-Release|Any CPU.ActiveCfg = Release|Any CPU
		{5F33B310-DC8D-4C0D-877E-BAC3908DE10F}.Net4-Release|x64.ActiveCfg = Release|Any CPU
		{5F33B310-DC8D-4C0D-877E-BAC3908DE10F}.Net4-Release|x86.ActiveCfg = Release|Any CPU
		{5F33B310-DC8D-4C0D-877E-BAC3908DE10F}.Release|Any CPU.ActiveCfg = Release|Any CPU
		{5F33B310-DC8D-4C0D-877E-BAC3908DE10F}.Release|Any CPU.Build.0 = Release|Any CPU
		{5F33B310-DC8D-4C0D-877E-BAC3908DE10F}.Release|x64.ActiveCfg = Release|Any CPU
		{5F33B310-DC8D-4C0D-877E-BAC3908DE10F}.Release|x64.Build.0 = Release|Any CPU
		{5F33B310-DC8D-4C0D-877E-BAC3908DE10F}.Release|x86.ActiveCfg = Release|Any CPU
		{5F33B310-DC8D-4C0D-877E-BAC3908DE10F}.Verbose_Release|Any CPU.ActiveCfg = Release|Any CPU
		{5F33B310-DC8D-4C0D-877E-BAC3908DE10F}.Verbose_Release|Any CPU.Build.0 = Release|Any CPU
		{5F33B310-DC8D-4C0D-877E-BAC3908DE10F}.Verbose_Release|x64.ActiveCfg = Release|Any CPU
		{5F33B310-DC8D-4C0D-877E-BAC3908DE10F}.Verbose_Release|x64.Build.0 = Release|Any CPU
		{5F33B310-DC8D-4C0D-877E-BAC3908DE10F}.Verbose_Release|x86.ActiveCfg = Release|Any CPU
		{5F33B310-DC8D-4C0D-877E-BAC3908DE10F}.Verbose_Release|x86.Build.0 = Release|Any CPU
		{5F33B310-DC8D-4C0D-877E-BAC3908DE10F}.Verbose|Any CPU.ActiveCfg = Release|Any CPU
		{5F33B310-DC8D-4C0D-877E-BAC3908DE10F}.Verbose|Any CPU.Build.0 = Release|Any CPU
		{5F33B310-DC8D-4C0D-877E-BAC3908DE10F}.Verbose|x64.ActiveCfg = Release|Any CPU
		{5F33B310-DC8D-4C0D-877E-BAC3908DE10F}.Verbose|x64.Build.0 = Release|Any CPU
		{5F33B310-DC8D-4C0D-877E-BAC3908DE10F}.Verbose|x86.ActiveCfg = Release|Any CPU
		{5F33B310-DC8D-4C0D-877E-BAC3908DE10F}.Verbose|x86.Build.0 = Release|Any CPU
	EndGlobalSection
	GlobalSection(SolutionProperties) = preSolution
		HideSolutionNode = FALSE
	EndGlobalSection
	GlobalSection(NestedProjects) = preSolution
		{5F33B310-DC8D-4C0D-877E-BAC3908DE10F} = {9E77CD10-4ADE-4C52-B560-71C0B0243434}
	EndGlobalSection
	GlobalSection(ExtensibilityGlobals) = postSolution
		SolutionGuid = {2199231E-2760-4B40-A738-8D06079C4541}
	EndGlobalSection
EndGlobal
