
Microsoft Visual Studio Solution File, Format Version 12.00
# Visual Studio 15
VisualStudioVersion = 15.0.27428.2043
MinimumVisualStudioVersion = 10.0.40219.1
Project("{FAE04EC0-301F-11D3-BF4B-00C04F79EFBC}") = "IPA", "IPA\IPA.csproj", "{14092533-98BB-40A4-9AFC-27BB75672A70}"
	ProjectSection(ProjectDependencies) = postProject
		{2A1AF16B-27F1-46E0-9A95-181516BC1CB7} = {2A1AF16B-27F1-46E0-9A95-181516BC1CB7}
	EndProjectSection
EndProject
Project("{FAE04EC0-301F-11D3-BF4B-00C04F79EFBC}") = "IPA.Tests", "IPA.Tests\IPA.Tests.csproj", "{C66092B0-5C1E-44E9-B524-E0E8E1425379}"
EndProject
Project("{FAE04EC0-301F-11D3-BF4B-00C04F79EFBC}") = "MSBuildTasks", "MSBuildTasks\MSBuildTasks.csproj", "{F08C3C7A-3221-432E-BAB8-32BCE58408C8}"
EndProject
Project("{FAE04EC0-301F-11D3-BF4B-00C04F79EFBC}") = "IPA.Loader", "IPA.Loader\IPA.Loader.csproj", "{5AD344F0-01A0-4CA8-92E5-9D095737744D}"
	ProjectSection(ProjectDependencies) = postProject
		{5F33B310-DC8D-4C0D-877E-BAC3908DE10F} = {5F33B310-DC8D-4C0D-877E-BAC3908DE10F}
	EndProjectSection
EndProject
Project("{FAE04EC0-301F-11D3-BF4B-00C04F79EFBC}") = "IPA.Injector", "IPA.Injector\IPA.Injector.csproj", "{2A1AF16B-27F1-46E0-9A95-181516BC1CB7}"
	ProjectSection(ProjectDependencies) = postProject
		{5F33B310-DC8D-4C0D-877E-BAC3908DE10F} = {5F33B310-DC8D-4C0D-877E-BAC3908DE10F}
		{88609E16-731F-46C9-8139-6B1A7A83240D} = {88609E16-731F-46C9-8139-6B1A7A83240D}
		{F08C3C7A-3221-432E-BAB8-32BCE58408C8} = {F08C3C7A-3221-432E-BAB8-32BCE58408C8}
	EndProjectSection
EndProject
Project("{8BC9CEB8-8B4A-11D0-8D11-00A0C91BC942}") = "proxy", "Doorstop\Proxy\Proxy.vcxproj", "{88609E16-731F-46C9-8139-6B1A7A83240D}"
EndProject
Project("{2150E333-8FDC-42A3-9474-1A3956D46DE8}") = "Tools", "Tools", "{C79C2C3A-A7FC-40D6-A5CC-9752A661AFA9}"
	ProjectSection(SolutionItems) = preProject
		Refs\refs.txt = Refs\refs.txt
	EndProjectSection
EndProject
Project("{FAE04EC0-301F-11D3-BF4B-00C04F79EFBC}") = "CollectDependencies", "CollectDependencies\CollectDependencies.csproj", "{5F33B310-DC8D-4C0D-877E-BAC3908DE10F}"
EndProject
Project("{2150E333-8FDC-42A3-9474-1A3956D46DE8}") = "Solution Items", "Solution Items", "{4D6639A2-BD39-4F9B-AF7F-8E5F3B88243D}"
	ProjectSection(SolutionItems) = preProject
		appveyor.yml = appveyor.yml
	EndProjectSection
EndProject
Global
	GlobalSection(SolutionConfigurationPlatforms) = preSolution
		Debug|Any CPU = Debug|Any CPU
		Debug|x64 = Debug|x64
		Debug|x86 = Debug|x86
		Release|Any CPU = Release|Any CPU
		Release|x64 = Release|x64
		Release|x86 = Release|x86
		Verbose_Release|Any CPU = Verbose_Release|Any CPU
		Verbose_Release|x64 = Verbose_Release|x64
		Verbose_Release|x86 = Verbose_Release|x86
		Verbose|Any CPU = Verbose|Any CPU
		Verbose|x64 = Verbose|x64
		Verbose|x86 = Verbose|x86
	EndGlobalSection
	GlobalSection(ProjectConfigurationPlatforms) = postSolution
		{14092533-98BB-40A4-9AFC-27BB75672A70}.Debug|Any CPU.ActiveCfg = Debug|Any CPU
		{14092533-98BB-40A4-9AFC-27BB75672A70}.Debug|Any CPU.Build.0 = Debug|Any CPU
		{14092533-98BB-40A4-9AFC-27BB75672A70}.Debug|x64.ActiveCfg = Debug|Any CPU
		{14092533-98BB-40A4-9AFC-27BB75672A70}.Debug|x64.Build.0 = Debug|Any CPU
		{14092533-98BB-40A4-9AFC-27BB75672A70}.Debug|x86.ActiveCfg = Debug|Any CPU
		{14092533-98BB-40A4-9AFC-27BB75672A70}.Debug|x86.Build.0 = Debug|Any CPU
		{14092533-98BB-40A4-9AFC-27BB75672A70}.Release|Any CPU.ActiveCfg = Release|Any CPU
		{14092533-98BB-40A4-9AFC-27BB75672A70}.Release|Any CPU.Build.0 = Release|Any CPU
		{14092533-98BB-40A4-9AFC-27BB75672A70}.Release|x64.ActiveCfg = Release|Any CPU
		{14092533-98BB-40A4-9AFC-27BB75672A70}.Release|x64.Build.0 = Release|Any CPU
		{14092533-98BB-40A4-9AFC-27BB75672A70}.Release|x86.ActiveCfg = Release|Any CPU
		{14092533-98BB-40A4-9AFC-27BB75672A70}.Release|x86.Build.0 = Release|Any CPU
		{14092533-98BB-40A4-9AFC-27BB75672A70}.Verbose_Release|Any CPU.ActiveCfg = Release|Any CPU
		{14092533-98BB-40A4-9AFC-27BB75672A70}.Verbose_Release|Any CPU.Build.0 = Release|Any CPU
		{14092533-98BB-40A4-9AFC-27BB75672A70}.Verbose_Release|x64.ActiveCfg = Verbose_Release|Any CPU
		{14092533-98BB-40A4-9AFC-27BB75672A70}.Verbose_Release|x64.Build.0 = Verbose_Release|Any CPU
		{14092533-98BB-40A4-9AFC-27BB75672A70}.Verbose_Release|x86.ActiveCfg = Release|Any CPU
		{14092533-98BB-40A4-9AFC-27BB75672A70}.Verbose_Release|x86.Build.0 = Release|Any CPU
		{14092533-98BB-40A4-9AFC-27BB75672A70}.Verbose|Any CPU.ActiveCfg = Release|Any CPU
		{14092533-98BB-40A4-9AFC-27BB75672A70}.Verbose|Any CPU.Build.0 = Release|Any CPU
		{14092533-98BB-40A4-9AFC-27BB75672A70}.Verbose|x64.ActiveCfg = Verbose|Any CPU
		{14092533-98BB-40A4-9AFC-27BB75672A70}.Verbose|x64.Build.0 = Verbose|Any CPU
		{14092533-98BB-40A4-9AFC-27BB75672A70}.Verbose|x86.ActiveCfg = Release|Any CPU
		{14092533-98BB-40A4-9AFC-27BB75672A70}.Verbose|x86.Build.0 = Release|Any CPU
		{C66092B0-5C1E-44E9-B524-E0E8E1425379}.Debug|Any CPU.ActiveCfg = Debug|Any CPU
		{C66092B0-5C1E-44E9-B524-E0E8E1425379}.Debug|Any CPU.Build.0 = Debug|Any CPU
		{C66092B0-5C1E-44E9-B524-E0E8E1425379}.Debug|x64.ActiveCfg = Debug|Any CPU
		{C66092B0-5C1E-44E9-B524-E0E8E1425379}.Debug|x64.Build.0 = Debug|Any CPU
		{C66092B0-5C1E-44E9-B524-E0E8E1425379}.Debug|x86.ActiveCfg = Debug|Any CPU
		{C66092B0-5C1E-44E9-B524-E0E8E1425379}.Debug|x86.Build.0 = Debug|Any CPU
		{C66092B0-5C1E-44E9-B524-E0E8E1425379}.Release|Any CPU.ActiveCfg = Release|Any CPU
		{C66092B0-5C1E-44E9-B524-E0E8E1425379}.Release|Any CPU.Build.0 = Release|Any CPU
		{C66092B0-5C1E-44E9-B524-E0E8E1425379}.Release|x64.ActiveCfg = Release|Any CPU
		{C66092B0-5C1E-44E9-B524-E0E8E1425379}.Release|x86.ActiveCfg = Release|Any CPU
		{C66092B0-5C1E-44E9-B524-E0E8E1425379}.Release|x86.Build.0 = Release|Any CPU
		{C66092B0-5C1E-44E9-B524-E0E8E1425379}.Verbose_Release|Any CPU.ActiveCfg = Release|Any CPU
		{C66092B0-5C1E-44E9-B524-E0E8E1425379}.Verbose_Release|Any CPU.Build.0 = Release|Any CPU
		{C66092B0-5C1E-44E9-B524-E0E8E1425379}.Verbose_Release|x64.ActiveCfg = Release|Any CPU
		{C66092B0-5C1E-44E9-B524-E0E8E1425379}.Verbose_Release|x86.ActiveCfg = Release|Any CPU
		{C66092B0-5C1E-44E9-B524-E0E8E1425379}.Verbose_Release|x86.Build.0 = Release|Any CPU
		{C66092B0-5C1E-44E9-B524-E0E8E1425379}.Verbose|Any CPU.ActiveCfg = Release|Any CPU
		{C66092B0-5C1E-44E9-B524-E0E8E1425379}.Verbose|Any CPU.Build.0 = Release|Any CPU
		{C66092B0-5C1E-44E9-B524-E0E8E1425379}.Verbose|x64.ActiveCfg = Debug|Any CPU
		{C66092B0-5C1E-44E9-B524-E0E8E1425379}.Verbose|x64.Build.0 = Debug|Any CPU
		{C66092B0-5C1E-44E9-B524-E0E8E1425379}.Verbose|x86.ActiveCfg = Release|Any CPU
		{C66092B0-5C1E-44E9-B524-E0E8E1425379}.Verbose|x86.Build.0 = Release|Any CPU
		{F08C3C7A-3221-432E-BAB8-32BCE58408C8}.Debug|Any CPU.ActiveCfg = Debug|Any CPU
		{F08C3C7A-3221-432E-BAB8-32BCE58408C8}.Debug|Any CPU.Build.0 = Debug|Any CPU
		{F08C3C7A-3221-432E-BAB8-32BCE58408C8}.Debug|x64.ActiveCfg = Debug|Any CPU
		{F08C3C7A-3221-432E-BAB8-32BCE58408C8}.Debug|x64.Build.0 = Debug|Any CPU
		{F08C3C7A-3221-432E-BAB8-32BCE58408C8}.Debug|x86.ActiveCfg = Debug|Any CPU
		{F08C3C7A-3221-432E-BAB8-32BCE58408C8}.Debug|x86.Build.0 = Debug|Any CPU
		{F08C3C7A-3221-432E-BAB8-32BCE58408C8}.Release|Any CPU.ActiveCfg = Release|Any CPU
		{F08C3C7A-3221-432E-BAB8-32BCE58408C8}.Release|Any CPU.Build.0 = Release|Any CPU
		{F08C3C7A-3221-432E-BAB8-32BCE58408C8}.Release|x64.ActiveCfg = Release|Any CPU
		{F08C3C7A-3221-432E-BAB8-32BCE58408C8}.Release|x64.Build.0 = Release|Any CPU
		{F08C3C7A-3221-432E-BAB8-32BCE58408C8}.Release|x86.ActiveCfg = Release|Any CPU
		{F08C3C7A-3221-432E-BAB8-32BCE58408C8}.Release|x86.Build.0 = Release|Any CPU
		{F08C3C7A-3221-432E-BAB8-32BCE58408C8}.Verbose_Release|Any CPU.ActiveCfg = Release|Any CPU
		{F08C3C7A-3221-432E-BAB8-32BCE58408C8}.Verbose_Release|Any CPU.Build.0 = Release|Any CPU
		{F08C3C7A-3221-432E-BAB8-32BCE58408C8}.Verbose_Release|x64.ActiveCfg = Release|Any CPU
		{F08C3C7A-3221-432E-BAB8-32BCE58408C8}.Verbose_Release|x64.Build.0 = Release|Any CPU
		{F08C3C7A-3221-432E-BAB8-32BCE58408C8}.Verbose_Release|x86.ActiveCfg = Release|Any CPU
		{F08C3C7A-3221-432E-BAB8-32BCE58408C8}.Verbose_Release|x86.Build.0 = Release|Any CPU
		{F08C3C7A-3221-432E-BAB8-32BCE58408C8}.Verbose|Any CPU.ActiveCfg = Release|Any CPU
		{F08C3C7A-3221-432E-BAB8-32BCE58408C8}.Verbose|Any CPU.Build.0 = Release|Any CPU
		{F08C3C7A-3221-432E-BAB8-32BCE58408C8}.Verbose|x64.ActiveCfg = Debug|Any CPU
		{F08C3C7A-3221-432E-BAB8-32BCE58408C8}.Verbose|x64.Build.0 = Debug|Any CPU
		{F08C3C7A-3221-432E-BAB8-32BCE58408C8}.Verbose|x86.ActiveCfg = Release|Any CPU
		{F08C3C7A-3221-432E-BAB8-32BCE58408C8}.Verbose|x86.Build.0 = Release|Any CPU
		{5AD344F0-01A0-4CA8-92E5-9D095737744D}.Debug|Any CPU.ActiveCfg = Debug|Any CPU
		{5AD344F0-01A0-4CA8-92E5-9D095737744D}.Debug|Any CPU.Build.0 = Debug|Any CPU
		{5AD344F0-01A0-4CA8-92E5-9D095737744D}.Debug|x64.ActiveCfg = Debug|Any CPU
		{5AD344F0-01A0-4CA8-92E5-9D095737744D}.Debug|x64.Build.0 = Debug|Any CPU
		{5AD344F0-01A0-4CA8-92E5-9D095737744D}.Debug|x86.ActiveCfg = Debug|Any CPU
		{5AD344F0-01A0-4CA8-92E5-9D095737744D}.Debug|x86.Build.0 = Debug|Any CPU
		{5AD344F0-01A0-4CA8-92E5-9D095737744D}.Release|Any CPU.ActiveCfg = Release|Any CPU
		{5AD344F0-01A0-4CA8-92E5-9D095737744D}.Release|Any CPU.Build.0 = Release|Any CPU
		{5AD344F0-01A0-4CA8-92E5-9D095737744D}.Release|x64.ActiveCfg = Release|Any CPU
		{5AD344F0-01A0-4CA8-92E5-9D095737744D}.Release|x64.Build.0 = Release|Any CPU
		{5AD344F0-01A0-4CA8-92E5-9D095737744D}.Release|x86.ActiveCfg = Release|Any CPU
		{5AD344F0-01A0-4CA8-92E5-9D095737744D}.Release|x86.Build.0 = Release|Any CPU
		{5AD344F0-01A0-4CA8-92E5-9D095737744D}.Verbose_Release|Any CPU.ActiveCfg = Release|Any CPU
		{5AD344F0-01A0-4CA8-92E5-9D095737744D}.Verbose_Release|Any CPU.Build.0 = Release|Any CPU
		{5AD344F0-01A0-4CA8-92E5-9D095737744D}.Verbose_Release|x64.ActiveCfg = Release|Any CPU
		{5AD344F0-01A0-4CA8-92E5-9D095737744D}.Verbose_Release|x64.Build.0 = Release|Any CPU
		{5AD344F0-01A0-4CA8-92E5-9D095737744D}.Verbose_Release|x86.ActiveCfg = Release|Any CPU
		{5AD344F0-01A0-4CA8-92E5-9D095737744D}.Verbose_Release|x86.Build.0 = Release|Any CPU
		{5AD344F0-01A0-4CA8-92E5-9D095737744D}.Verbose|Any CPU.ActiveCfg = Release|Any CPU
		{5AD344F0-01A0-4CA8-92E5-9D095737744D}.Verbose|Any CPU.Build.0 = Release|Any CPU
		{5AD344F0-01A0-4CA8-92E5-9D095737744D}.Verbose|x64.ActiveCfg = Debug|Any CPU
		{5AD344F0-01A0-4CA8-92E5-9D095737744D}.Verbose|x64.Build.0 = Debug|Any CPU
		{5AD344F0-01A0-4CA8-92E5-9D095737744D}.Verbose|x86.ActiveCfg = Release|Any CPU
		{5AD344F0-01A0-4CA8-92E5-9D095737744D}.Verbose|x86.Build.0 = Release|Any CPU
		{2A1AF16B-27F1-46E0-9A95-181516BC1CB7}.Debug|Any CPU.ActiveCfg = Debug|Any CPU
		{2A1AF16B-27F1-46E0-9A95-181516BC1CB7}.Debug|Any CPU.Build.0 = Debug|Any CPU
		{2A1AF16B-27F1-46E0-9A95-181516BC1CB7}.Debug|x64.ActiveCfg = Debug|Any CPU
		{2A1AF16B-27F1-46E0-9A95-181516BC1CB7}.Debug|x64.Build.0 = Debug|Any CPU
		{2A1AF16B-27F1-46E0-9A95-181516BC1CB7}.Debug|x86.ActiveCfg = Debug|Any CPU
		{2A1AF16B-27F1-46E0-9A95-181516BC1CB7}.Debug|x86.Build.0 = Debug|Any CPU
		{2A1AF16B-27F1-46E0-9A95-181516BC1CB7}.Release|Any CPU.ActiveCfg = Release|Any CPU
		{2A1AF16B-27F1-46E0-9A95-181516BC1CB7}.Release|Any CPU.Build.0 = Release|Any CPU
		{2A1AF16B-27F1-46E0-9A95-181516BC1CB7}.Release|x64.ActiveCfg = Release|Any CPU
		{2A1AF16B-27F1-46E0-9A95-181516BC1CB7}.Release|x64.Build.0 = Release|Any CPU
		{2A1AF16B-27F1-46E0-9A95-181516BC1CB7}.Release|x86.ActiveCfg = Release|Any CPU
		{2A1AF16B-27F1-46E0-9A95-181516BC1CB7}.Release|x86.Build.0 = Release|Any CPU
		{2A1AF16B-27F1-46E0-9A95-181516BC1CB7}.Verbose_Release|Any CPU.ActiveCfg = Release|Any CPU
		{2A1AF16B-27F1-46E0-9A95-181516BC1CB7}.Verbose_Release|Any CPU.Build.0 = Release|Any CPU
		{2A1AF16B-27F1-46E0-9A95-181516BC1CB7}.Verbose_Release|x64.ActiveCfg = Release|Any CPU
		{2A1AF16B-27F1-46E0-9A95-181516BC1CB7}.Verbose_Release|x64.Build.0 = Release|Any CPU
		{2A1AF16B-27F1-46E0-9A95-181516BC1CB7}.Verbose_Release|x86.ActiveCfg = Release|Any CPU
		{2A1AF16B-27F1-46E0-9A95-181516BC1CB7}.Verbose_Release|x86.Build.0 = Release|Any CPU
		{2A1AF16B-27F1-46E0-9A95-181516BC1CB7}.Verbose|Any CPU.ActiveCfg = Release|Any CPU
		{2A1AF16B-27F1-46E0-9A95-181516BC1CB7}.Verbose|Any CPU.Build.0 = Release|Any CPU
		{2A1AF16B-27F1-46E0-9A95-181516BC1CB7}.Verbose|x64.ActiveCfg = Debug|Any CPU
		{2A1AF16B-27F1-46E0-9A95-181516BC1CB7}.Verbose|x64.Build.0 = Debug|Any CPU
		{2A1AF16B-27F1-46E0-9A95-181516BC1CB7}.Verbose|x86.ActiveCfg = Release|Any CPU
		{2A1AF16B-27F1-46E0-9A95-181516BC1CB7}.Verbose|x86.Build.0 = Release|Any CPU
		{88609E16-731F-46C9-8139-6B1A7A83240D}.Debug|Any CPU.ActiveCfg = Debug|Win32
		{88609E16-731F-46C9-8139-6B1A7A83240D}.Debug|x64.ActiveCfg = Release|x64
		{88609E16-731F-46C9-8139-6B1A7A83240D}.Debug|x64.Build.0 = Release|x64
		{88609E16-731F-46C9-8139-6B1A7A83240D}.Debug|x86.ActiveCfg = Debug|Win32
		{88609E16-731F-46C9-8139-6B1A7A83240D}.Debug|x86.Build.0 = Debug|Win32
		{88609E16-731F-46C9-8139-6B1A7A83240D}.Release|Any CPU.ActiveCfg = Release|Win32
		{88609E16-731F-46C9-8139-6B1A7A83240D}.Release|x64.ActiveCfg = Release|x64
		{88609E16-731F-46C9-8139-6B1A7A83240D}.Release|x64.Build.0 = Release|x64
		{88609E16-731F-46C9-8139-6B1A7A83240D}.Release|x86.ActiveCfg = Release|Win32
		{88609E16-731F-46C9-8139-6B1A7A83240D}.Release|x86.Build.0 = Release|Win32
		{88609E16-731F-46C9-8139-6B1A7A83240D}.Verbose_Release|Any CPU.ActiveCfg = Verbose_Release|Win32
		{88609E16-731F-46C9-8139-6B1A7A83240D}.Verbose_Release|x64.ActiveCfg = Verbose_Release|x64
		{88609E16-731F-46C9-8139-6B1A7A83240D}.Verbose_Release|x64.Build.0 = Verbose_Release|x64
		{88609E16-731F-46C9-8139-6B1A7A83240D}.Verbose_Release|x86.ActiveCfg = Verbose_Release|Win32
		{88609E16-731F-46C9-8139-6B1A7A83240D}.Verbose_Release|x86.Build.0 = Verbose_Release|Win32
		{88609E16-731F-46C9-8139-6B1A7A83240D}.Verbose|Any CPU.ActiveCfg = Verbose|Win32
		{88609E16-731F-46C9-8139-6B1A7A83240D}.Verbose|x64.ActiveCfg = Verbose_Release|x64
		{88609E16-731F-46C9-8139-6B1A7A83240D}.Verbose|x64.Build.0 = Verbose_Release|x64
		{88609E16-731F-46C9-8139-6B1A7A83240D}.Verbose|x86.ActiveCfg = Verbose|Win32
		{88609E16-731F-46C9-8139-6B1A7A83240D}.Verbose|x86.Build.0 = Verbose|Win32
		{5F33B310-DC8D-4C0D-877E-BAC3908DE10F}.Debug|Any CPU.ActiveCfg = Debug|Any CPU
		{5F33B310-DC8D-4C0D-877E-BAC3908DE10F}.Debug|Any CPU.Build.0 = Debug|Any CPU
		{5F33B310-DC8D-4C0D-877E-BAC3908DE10F}.Debug|x64.ActiveCfg = Debug|Any CPU
		{5F33B310-DC8D-4C0D-877E-BAC3908DE10F}.Debug|x64.Build.0 = Debug|Any CPU
		{5F33B310-DC8D-4C0D-877E-BAC3908DE10F}.Debug|x86.ActiveCfg = Debug|Any CPU
		{5F33B310-DC8D-4C0D-877E-BAC3908DE10F}.Debug|x86.Build.0 = Debug|Any CPU
		{5F33B310-DC8D-4C0D-877E-BAC3908DE10F}.Release|Any CPU.ActiveCfg = Release|Any CPU
		{5F33B310-DC8D-4C0D-877E-BAC3908DE10F}.Release|Any CPU.Build.0 = Release|Any CPU
		{5F33B310-DC8D-4C0D-877E-BAC3908DE10F}.Release|x64.ActiveCfg = Release|Any CPU
		{5F33B310-DC8D-4C0D-877E-BAC3908DE10F}.Release|x86.ActiveCfg = Release|Any CPU
		{5F33B310-DC8D-4C0D-877E-BAC3908DE10F}.Release|x86.Build.0 = Release|Any CPU
		{5F33B310-DC8D-4C0D-877E-BAC3908DE10F}.Verbose_Release|Any CPU.ActiveCfg = Release|Any CPU
		{5F33B310-DC8D-4C0D-877E-BAC3908DE10F}.Verbose_Release|Any CPU.Build.0 = Release|Any CPU
		{5F33B310-DC8D-4C0D-877E-BAC3908DE10F}.Verbose_Release|x64.ActiveCfg = Release|Any CPU
		{5F33B310-DC8D-4C0D-877E-BAC3908DE10F}.Verbose_Release|x86.ActiveCfg = Release|Any CPU
		{5F33B310-DC8D-4C0D-877E-BAC3908DE10F}.Verbose_Release|x86.Build.0 = Release|Any CPU
		{5F33B310-DC8D-4C0D-877E-BAC3908DE10F}.Verbose|Any CPU.ActiveCfg = Release|Any CPU
		{5F33B310-DC8D-4C0D-877E-BAC3908DE10F}.Verbose|Any CPU.Build.0 = Release|Any CPU
		{5F33B310-DC8D-4C0D-877E-BAC3908DE10F}.Verbose|x64.ActiveCfg = Release|Any CPU
		{5F33B310-DC8D-4C0D-877E-BAC3908DE10F}.Verbose|x64.Build.0 = Release|Any CPU
		{5F33B310-DC8D-4C0D-877E-BAC3908DE10F}.Verbose|x86.ActiveCfg = Release|Any CPU
		{5F33B310-DC8D-4C0D-877E-BAC3908DE10F}.Verbose|x86.Build.0 = Release|Any CPU
	EndGlobalSection
	GlobalSection(SolutionProperties) = preSolution
		HideSolutionNode = FALSE
	EndGlobalSection
	GlobalSection(NestedProjects) = preSolution
		{F08C3C7A-3221-432E-BAB8-32BCE58408C8} = {C79C2C3A-A7FC-40D6-A5CC-9752A661AFA9}
		{5F33B310-DC8D-4C0D-877E-BAC3908DE10F} = {C79C2C3A-A7FC-40D6-A5CC-9752A661AFA9}
	EndGlobalSection
	GlobalSection(ExtensibilityGlobals) = postSolution
		SolutionGuid = {C7380FAB-02D6-4A2A-B428-B4BFCFE3A054}
	EndGlobalSection
EndGlobal
